// !$*UTF8*$!
{
	archiveVersion = 1;
	classes = {
	};
	objectVersion = 55;
	objects = {

/* Begin PBXBuildFile section */
		C1835EFB28B6A4EF00BC0FD9 /* AppDelegate.swift in Sources */ = {isa = PBXBuildFile; fileRef = C1835EFA28B6A4EF00BC0FD9 /* AppDelegate.swift */; };
		C1835EFD28B6A4EF00BC0FD9 /* SceneDelegate.swift in Sources */ = {isa = PBXBuildFile; fileRef = C1835EFC28B6A4EF00BC0FD9 /* SceneDelegate.swift */; };
		C1835EFF28B6A4EF00BC0FD9 /* ViewController.swift in Sources */ = {isa = PBXBuildFile; fileRef = C1835EFE28B6A4EF00BC0FD9 /* ViewController.swift */; };
		C1835F0228B6A4EF00BC0FD9 /* Main.storyboard in Resources */ = {isa = PBXBuildFile; fileRef = C1835F0028B6A4EF00BC0FD9 /* Main.storyboard */; };
		C1835F0428B6A4F100BC0FD9 /* Assets.xcassets in Resources */ = {isa = PBXBuildFile; fileRef = C1835F0328B6A4F100BC0FD9 /* Assets.xcassets */; };
		C1835F0728B6A4F100BC0FD9 /* LaunchScreen.storyboard in Resources */ = {isa = PBXBuildFile; fileRef = C1835F0528B6A4F100BC0FD9 /* LaunchScreen.storyboard */; };
		C1835F1228B6A4F100BC0FD9 /* PoiLabsTests.swift in Sources */ = {isa = PBXBuildFile; fileRef = C1835F1128B6A4F100BC0FD9 /* PoiLabsTests.swift */; };
		C1835F1C28B6A4F100BC0FD9 /* PoiLabsUITests.swift in Sources */ = {isa = PBXBuildFile; fileRef = C1835F1B28B6A4F100BC0FD9 /* PoiLabsUITests.swift */; };
		C1835F1E28B6A4F100BC0FD9 /* PoiLabsUITestsLaunchTests.swift in Sources */ = {isa = PBXBuildFile; fileRef = C1835F1D28B6A4F100BC0FD9 /* PoiLabsUITestsLaunchTests.swift */; };
/* End PBXBuildFile section */

/* Begin PBXContainerItemProxy section */
		C1835F0E28B6A4F100BC0FD9 /* PBXContainerItemProxy */ = {
			isa = PBXContainerItemProxy;
			containerPortal = C1835EEF28B6A4EF00BC0FD9 /* Project object */;
			proxyType = 1;
			remoteGlobalIDString = C1835EF628B6A4EF00BC0FD9;
			remoteInfo = PoiLabs;
		};
		C1835F1828B6A4F100BC0FD9 /* PBXContainerItemProxy */ = {
			isa = PBXContainerItemProxy;
			containerPortal = C1835EEF28B6A4EF00BC0FD9 /* Project object */;
			proxyType = 1;
			remoteGlobalIDString = C1835EF628B6A4EF00BC0FD9;
			remoteInfo = PoiLabs;
		};
/* End PBXContainerItemProxy section */

/* Begin PBXFileReference section */
		C1835EF728B6A4EF00BC0FD9 /* PoiLabs.app */ = {isa = PBXFileReference; explicitFileType = wrapper.application; includeInIndex = 0; path = PoiLabs.app; sourceTree = BUILT_PRODUCTS_DIR; };
		C1835EFA28B6A4EF00BC0FD9 /* AppDelegate.swift */ = {isa = PBXFileReference; lastKnownFileType = sourcecode.swift; path = AppDelegate.swift; sourceTree = "<group>"; };
		C1835EFC28B6A4EF00BC0FD9 /* SceneDelegate.swift */ = {isa = PBXFileReference; lastKnownFileType = sourcecode.swift; path = SceneDelegate.swift; sourceTree = "<group>"; };
		C1835EFE28B6A4EF00BC0FD9 /* ViewController.swift */ = {isa = PBXFileReference; lastKnownFileType = sourcecode.swift; path = ViewController.swift; sourceTree = "<group>"; };
		C1835F0128B6A4EF00BC0FD9 /* Base */ = {isa = PBXFileReference; lastKnownFileType = file.storyboard; name = Base; path = Base.lproj/Main.storyboard; sourceTree = "<group>"; };
		C1835F0328B6A4F100BC0FD9 /* Assets.xcassets */ = {isa = PBXFileReference; lastKnownFileType = folder.assetcatalog; path = Assets.xcassets; sourceTree = "<group>"; };
		C1835F0628B6A4F100BC0FD9 /* Base */ = {isa = PBXFileReference; lastKnownFileType = file.storyboard; name = Base; path = Base.lproj/LaunchScreen.storyboard; sourceTree = "<group>"; };
		C1835F0828B6A4F100BC0FD9 /* Info.plist */ = {isa = PBXFileReference; lastKnownFileType = text.plist.xml; path = Info.plist; sourceTree = "<group>"; };
		C1835F0D28B6A4F100BC0FD9 /* PoiLabsTests.xctest */ = {isa = PBXFileReference; explicitFileType = wrapper.cfbundle; includeInIndex = 0; path = PoiLabsTests.xctest; sourceTree = BUILT_PRODUCTS_DIR; };
		C1835F1128B6A4F100BC0FD9 /* PoiLabsTests.swift */ = {isa = PBXFileReference; lastKnownFileType = sourcecode.swift; path = PoiLabsTests.swift; sourceTree = "<group>"; };
		C1835F1728B6A4F100BC0FD9 /* PoiLabsUITests.xctest */ = {isa = PBXFileReference; explicitFileType = wrapper.cfbundle; includeInIndex = 0; path = PoiLabsUITests.xctest; sourceTree = BUILT_PRODUCTS_DIR; };
		C1835F1B28B6A4F100BC0FD9 /* PoiLabsUITests.swift */ = {isa = PBXFileReference; lastKnownFileType = sourcecode.swift; path = PoiLabsUITests.swift; sourceTree = "<group>"; };
		C1835F1D28B6A4F100BC0FD9 /* PoiLabsUITestsLaunchTests.swift */ = {isa = PBXFileReference; lastKnownFileType = sourcecode.swift; path = PoiLabsUITestsLaunchTests.swift; sourceTree = "<group>"; };
/* End PBXFileReference section */

/* Begin PBXFrameworksBuildPhase section */
		C1835EF428B6A4EF00BC0FD9 /* Frameworks */ = {
			isa = PBXFrameworksBuildPhase;
			buildActionMask = 2147483647;
			files = (
			);
			runOnlyForDeploymentPostprocessing = 0;
		};
		C1835F0A28B6A4F100BC0FD9 /* Frameworks */ = {
			isa = PBXFrameworksBuildPhase;
			buildActionMask = 2147483647;
			files = (
			);
			runOnlyForDeploymentPostprocessing = 0;
		};
		C1835F1428B6A4F100BC0FD9 /* Frameworks */ = {
			isa = PBXFrameworksBuildPhase;
			buildActionMask = 2147483647;
			files = (
			);
			runOnlyForDeploymentPostprocessing = 0;
		};
/* End PBXFrameworksBuildPhase section */

/* Begin PBXGroup section */
		C1835EEE28B6A4EF00BC0FD9 = {
			isa = PBXGroup;
			children = (
				C1835EF928B6A4EF00BC0FD9 /* PoiLabs */,
				C1835F1028B6A4F100BC0FD9 /* PoiLabsTests */,
				C1835F1A28B6A4F100BC0FD9 /* PoiLabsUITests */,
				C1835EF828B6A4EF00BC0FD9 /* Products */,
			);
			sourceTree = "<group>";
		};
		C1835EF828B6A4EF00BC0FD9 /* Products */ = {
			isa = PBXGroup;
			children = (
				C1835EF728B6A4EF00BC0FD9 /* PoiLabs.app */,
				C1835F0D28B6A4F100BC0FD9 /* PoiLabsTests.xctest */,
				C1835F1728B6A4F100BC0FD9 /* PoiLabsUITests.xctest */,
			);
			name = Products;
			sourceTree = "<group>";
		};
		C1835EF928B6A4EF00BC0FD9 /* PoiLabs */ = {
			isa = PBXGroup;
			children = (
				C1835EFA28B6A4EF00BC0FD9 /* AppDelegate.swift */,
				C1835EFC28B6A4EF00BC0FD9 /* SceneDelegate.swift */,
				C1835EFE28B6A4EF00BC0FD9 /* ViewController.swift */,
				C1835F0028B6A4EF00BC0FD9 /* Main.storyboard */,
				C1835F0328B6A4F100BC0FD9 /* Assets.xcassets */,
				C1835F0528B6A4F100BC0FD9 /* LaunchScreen.storyboard */,
				C1835F0828B6A4F100BC0FD9 /* Info.plist */,
			);
			path = PoiLabs;
			sourceTree = "<group>";
		};
		C1835F1028B6A4F100BC0FD9 /* PoiLabsTests */ = {
			isa = PBXGroup;
			children = (
				C1835F1128B6A4F100BC0FD9 /* PoiLabsTests.swift */,
			);
			path = PoiLabsTests;
			sourceTree = "<group>";
		};
		C1835F1A28B6A4F100BC0FD9 /* PoiLabsUITests */ = {
			isa = PBXGroup;
			children = (
				C1835F1B28B6A4F100BC0FD9 /* PoiLabsUITests.swift */,
				C1835F1D28B6A4F100BC0FD9 /* PoiLabsUITestsLaunchTests.swift */,
			);
			path = PoiLabsUITests;
			sourceTree = "<group>";
		};
/* End PBXGroup section */

/* Begin PBXNativeTarget section */
		C1835EF628B6A4EF00BC0FD9 /* PoiLabs */ = {
			isa = PBXNativeTarget;
			buildConfigurationList = C1835F2128B6A4F100BC0FD9 /* Build configuration list for PBXNativeTarget "PoiLabs" */;
			buildPhases = (
				C1835EF328B6A4EF00BC0FD9 /* Sources */,
				C1835EF428B6A4EF00BC0FD9 /* Frameworks */,
				C1835EF528B6A4EF00BC0FD9 /* Resources */,
			);
			buildRules = (
			);
			dependencies = (
			);
			name = PoiLabs;
			productName = PoiLabs;
			productReference = C1835EF728B6A4EF00BC0FD9 /* PoiLabs.app */;
			productType = "com.apple.product-type.application";
		};
		C1835F0C28B6A4F100BC0FD9 /* PoiLabsTests */ = {
			isa = PBXNativeTarget;
			buildConfigurationList = C1835F2428B6A4F100BC0FD9 /* Build configuration list for PBXNativeTarget "PoiLabsTests" */;
			buildPhases = (
				C1835F0928B6A4F100BC0FD9 /* Sources */,
				C1835F0A28B6A4F100BC0FD9 /* Frameworks */,
				C1835F0B28B6A4F100BC0FD9 /* Resources */,
			);
			buildRules = (
			);
			dependencies = (
				C1835F0F28B6A4F100BC0FD9 /* PBXTargetDependency */,
			);
			name = PoiLabsTests;
			productName = PoiLabsTests;
			productReference = C1835F0D28B6A4F100BC0FD9 /* PoiLabsTests.xctest */;
			productType = "com.apple.product-type.bundle.unit-test";
		};
		C1835F1628B6A4F100BC0FD9 /* PoiLabsUITests */ = {
			isa = PBXNativeTarget;
			buildConfigurationList = C1835F2728B6A4F100BC0FD9 /* Build configuration list for PBXNativeTarget "PoiLabsUITests" */;
			buildPhases = (
				C1835F1328B6A4F100BC0FD9 /* Sources */,
				C1835F1428B6A4F100BC0FD9 /* Frameworks */,
				C1835F1528B6A4F100BC0FD9 /* Resources */,
			);
			buildRules = (
			);
			dependencies = (
				C1835F1928B6A4F100BC0FD9 /* PBXTargetDependency */,
			);
			name = PoiLabsUITests;
			productName = PoiLabsUITests;
			productReference = C1835F1728B6A4F100BC0FD9 /* PoiLabsUITests.xctest */;
			productType = "com.apple.product-type.bundle.ui-testing";
		};
/* End PBXNativeTarget section */

/* Begin PBXProject section */
		C1835EEF28B6A4EF00BC0FD9 /* Project object */ = {
			isa = PBXProject;
			attributes = {
				BuildIndependentTargetsInParallel = 1;
				LastSwiftUpdateCheck = 1340;
				LastUpgradeCheck = 1340;
				TargetAttributes = {
					C1835EF628B6A4EF00BC0FD9 = {
						CreatedOnToolsVersion = 13.4;
					};
					C1835F0C28B6A4F100BC0FD9 = {
						CreatedOnToolsVersion = 13.4;
						TestTargetID = C1835EF628B6A4EF00BC0FD9;
					};
					C1835F1628B6A4F100BC0FD9 = {
						CreatedOnToolsVersion = 13.4;
						TestTargetID = C1835EF628B6A4EF00BC0FD9;
					};
				};
			};
			buildConfigurationList = C1835EF228B6A4EF00BC0FD9 /* Build configuration list for PBXProject "PoiLabs" */;
			compatibilityVersion = "Xcode 13.0";
			developmentRegion = en;
			hasScannedForEncodings = 0;
			knownRegions = (
				en,
				Base,
			);
			mainGroup = C1835EEE28B6A4EF00BC0FD9;
			productRefGroup = C1835EF828B6A4EF00BC0FD9 /* Products */;
			projectDirPath = "";
			projectRoot = "";
			targets = (
				C1835EF628B6A4EF00BC0FD9 /* PoiLabs */,
				C1835F0C28B6A4F100BC0FD9 /* PoiLabsTests */,
				C1835F1628B6A4F100BC0FD9 /* PoiLabsUITests */,
			);
		};
/* End PBXProject section */

/* Begin PBXResourcesBuildPhase section */
		C1835EF528B6A4EF00BC0FD9 /* Resources */ = {
			isa = PBXResourcesBuildPhase;
			buildActionMask = 2147483647;
			files = (
				C1835F0728B6A4F100BC0FD9 /* LaunchScreen.storyboard in Resources */,
				C1835F0428B6A4F100BC0FD9 /* Assets.xcassets in Resources */,
				C1835F0228B6A4EF00BC0FD9 /* Main.storyboard in Resources */,
			);
			runOnlyForDeploymentPostprocessing = 0;
		};
		C1835F0B28B6A4F100BC0FD9 /* Resources */ = {
			isa = PBXResourcesBuildPhase;
			buildActionMask = 2147483647;
			files = (
			);
			runOnlyForDeploymentPostprocessing = 0;
		};
		C1835F1528B6A4F100BC0FD9 /* Resources */ = {
			isa = PBXResourcesBuildPhase;
			buildActionMask = 2147483647;
			files = (
			);
			runOnlyForDeploymentPostprocessing = 0;
		};
/* End PBXResourcesBuildPhase section */

/* Begin PBXSourcesBuildPhase section */
		C1835EF328B6A4EF00BC0FD9 /* Sources */ = {
			isa = PBXSourcesBuildPhase;
			buildActionMask = 2147483647;
			files = (
				C1835EFF28B6A4EF00BC0FD9 /* ViewController.swift in Sources */,
				C1835EFB28B6A4EF00BC0FD9 /* AppDelegate.swift in Sources */,
				C1835EFD28B6A4EF00BC0FD9 /* SceneDelegate.swift in Sources */,
			);
			runOnlyForDeploymentPostprocessing = 0;
		};
		C1835F0928B6A4F100BC0FD9 /* Sources */ = {
			isa = PBXSourcesBuildPhase;
			buildActionMask = 2147483647;
			files = (
				C1835F1228B6A4F100BC0FD9 /* PoiLabsTests.swift in Sources */,
			);
			runOnlyForDeploymentPostprocessing = 0;
		};
		C1835F1328B6A4F100BC0FD9 /* Sources */ = {
			isa = PBXSourcesBuildPhase;
			buildActionMask = 2147483647;
			files = (
				C1835F1C28B6A4F100BC0FD9 /* PoiLabsUITests.swift in Sources */,
				C1835F1E28B6A4F100BC0FD9 /* PoiLabsUITestsLaunchTests.swift in Sources */,
			);
			runOnlyForDeploymentPostprocessing = 0;
		};
/* End PBXSourcesBuildPhase section */

/* Begin PBXTargetDependency section */
		C1835F0F28B6A4F100BC0FD9 /* PBXTargetDependency */ = {
			isa = PBXTargetDependency;
			target = C1835EF628B6A4EF00BC0FD9 /* PoiLabs */;
			targetProxy = C1835F0E28B6A4F100BC0FD9 /* PBXContainerItemProxy */;
		};
		C1835F1928B6A4F100BC0FD9 /* PBXTargetDependency */ = {
			isa = PBXTargetDependency;
			target = C1835EF628B6A4EF00BC0FD9 /* PoiLabs */;
			targetProxy = C1835F1828B6A4F100BC0FD9 /* PBXContainerItemProxy */;
		};
/* End PBXTargetDependency section */

/* Begin PBXVariantGroup section */
		C1835F0028B6A4EF00BC0FD9 /* Main.storyboard */ = {
			isa = PBXVariantGroup;
			children = (
				C1835F0128B6A4EF00BC0FD9 /* Base */,
			);
			name = Main.storyboard;
			sourceTree = "<group>";
		};
		C1835F0528B6A4F100BC0FD9 /* LaunchScreen.storyboard */ = {
			isa = PBXVariantGroup;
			children = (
				C1835F0628B6A4F100BC0FD9 /* Base */,
			);
			name = LaunchScreen.storyboard;
			sourceTree = "<group>";
		};
/* End PBXVariantGroup section */

/* Begin XCBuildConfiguration section */
		C1835F1F28B6A4F100BC0FD9 /* Debug */ = {
			isa = XCBuildConfiguration;
			buildSettings = {
				ALWAYS_SEARCH_USER_PATHS = NO;
				CLANG_ANALYZER_NONNULL = YES;
				CLANG_ANALYZER_NUMBER_OBJECT_CONVERSION = YES_AGGRESSIVE;
				CLANG_CXX_LANGUAGE_STANDARD = "gnu++17";
				CLANG_ENABLE_MODULES = YES;
				CLANG_ENABLE_OBJC_ARC = YES;
				CLANG_ENABLE_OBJC_WEAK = YES;
				CLANG_WARN_BLOCK_CAPTURE_AUTORELEASING = YES;
				CLANG_WARN_BOOL_CONVERSION = YES;
				CLANG_WARN_COMMA = YES;
				CLANG_WARN_CONSTANT_CONVERSION = YES;
				CLANG_WARN_DEPRECATED_OBJC_IMPLEMENTATIONS = YES;
				CLANG_WARN_DIRECT_OBJC_ISA_USAGE = YES_ERROR;
				CLANG_WARN_DOCUMENTATION_COMMENTS = YES;
				CLANG_WARN_EMPTY_BODY = YES;
				CLANG_WARN_ENUM_CONVERSION = YES;
				CLANG_WARN_INFINITE_RECURSION = YES;
				CLANG_WARN_INT_CONVERSION = YES;
				CLANG_WARN_NON_LITERAL_NULL_CONVERSION = YES;
				CLANG_WARN_OBJC_IMPLICIT_RETAIN_SELF = YES;
				CLANG_WARN_OBJC_LITERAL_CONVERSION = YES;
				CLANG_WARN_OBJC_ROOT_CLASS = YES_ERROR;
				CLANG_WARN_QUOTED_INCLUDE_IN_FRAMEWORK_HEADER = YES;
				CLANG_WARN_RANGE_LOOP_ANALYSIS = YES;
				CLANG_WARN_STRICT_PROTOTYPES = YES;
				CLANG_WARN_SUSPICIOUS_MOVE = YES;
				CLANG_WARN_UNGUARDED_AVAILABILITY = YES_AGGRESSIVE;
				CLANG_WARN_UNREACHABLE_CODE = YES;
				CLANG_WARN__DUPLICATE_METHOD_MATCH = YES;
				COPY_PHASE_STRIP = NO;
				DEBUG_INFORMATION_FORMAT = dwarf;
				ENABLE_STRICT_OBJC_MSGSEND = YES;
				ENABLE_TESTABILITY = YES;
				GCC_C_LANGUAGE_STANDARD = gnu11;
				GCC_DYNAMIC_NO_PIC = NO;
				GCC_NO_COMMON_BLOCKS = YES;
				GCC_OPTIMIZATION_LEVEL = 0;
				GCC_PREPROCESSOR_DEFINITIONS = (
					"DEBUG=1",
					"$(inherited)",
				);
				GCC_WARN_64_TO_32_BIT_CONVERSION = YES;
				GCC_WARN_ABOUT_RETURN_TYPE = YES_ERROR;
				GCC_WARN_UNDECLARED_SELECTOR = YES;
				GCC_WARN_UNINITIALIZED_AUTOS = YES_AGGRESSIVE;
				GCC_WARN_UNUSED_FUNCTION = YES;
				GCC_WARN_UNUSED_VARIABLE = YES;
				IPHONEOS_DEPLOYMENT_TARGET = 15.5;
				MTL_ENABLE_DEBUG_INFO = INCLUDE_SOURCE;
				MTL_FAST_MATH = YES;
				ONLY_ACTIVE_ARCH = YES;
				SDKROOT = iphoneos;
				SWIFT_ACTIVE_COMPILATION_CONDITIONS = DEBUG;
				SWIFT_OPTIMIZATION_LEVEL = "-Onone";
			};
			name = Debug;
		};
		C1835F2028B6A4F100BC0FD9 /* Release */ = {
			isa = XCBuildConfiguration;
			buildSettings = {
				ALWAYS_SEARCH_USER_PATHS = NO;
				CLANG_ANALYZER_NONNULL = YES;
				CLANG_ANALYZER_NUMBER_OBJECT_CONVERSION = YES_AGGRESSIVE;
				CLANG_CXX_LANGUAGE_STANDARD = "gnu++17";
				CLANG_ENABLE_MODULES = YES;
				CLANG_ENABLE_OBJC_ARC = YES;
				CLANG_ENABLE_OBJC_WEAK = YES;
				CLANG_WARN_BLOCK_CAPTURE_AUTORELEASING = YES;
				CLANG_WARN_BOOL_CONVERSION = YES;
				CLANG_WARN_COMMA = YES;
				CLANG_WARN_CONSTANT_CONVERSION = YES;
				CLANG_WARN_DEPRECATED_OBJC_IMPLEMENTATIONS = YES;
				CLANG_WARN_DIRECT_OBJC_ISA_USAGE = YES_ERROR;
				CLANG_WARN_DOCUMENTATION_COMMENTS = YES;
				CLANG_WARN_EMPTY_BODY = YES;
				CLANG_WARN_ENUM_CONVERSION = YES;
				CLANG_WARN_INFINITE_RECURSION = YES;
				CLANG_WARN_INT_CONVERSION = YES;
				CLANG_WARN_NON_LITERAL_NULL_CONVERSION = YES;
				CLANG_WARN_OBJC_IMPLICIT_RETAIN_SELF = YES;
				CLANG_WARN_OBJC_LITERAL_CONVERSION = YES;
				CLANG_WARN_OBJC_ROOT_CLASS = YES_ERROR;
				CLANG_WARN_QUOTED_INCLUDE_IN_FRAMEWORK_HEADER = YES;
				CLANG_WARN_RANGE_LOOP_ANALYSIS = YES;
				CLANG_WARN_STRICT_PROTOTYPES = YES;
				CLANG_WARN_SUSPICIOUS_MOVE = YES;
				CLANG_WARN_UNGUARDED_AVAILABILITY = YES_AGGRESSIVE;
				CLANG_WARN_UNREACHABLE_CODE = YES;
				CLANG_WARN__DUPLICATE_METHOD_MATCH = YES;
				COPY_PHASE_STRIP = NO;
				DEBUG_INFORMATION_FORMAT = "dwarf-with-dsym";
				ENABLE_NS_ASSERTIONS = NO;
				ENABLE_STRICT_OBJC_MSGSEND = YES;
				GCC_C_LANGUAGE_STANDARD = gnu11;
				GCC_NO_COMMON_BLOCKS = YES;
				GCC_WARN_64_TO_32_BIT_CONVERSION = YES;
				GCC_WARN_ABOUT_RETURN_TYPE = YES_ERROR;
				GCC_WARN_UNDECLARED_SELECTOR = YES;
				GCC_WARN_UNINITIALIZED_AUTOS = YES_AGGRESSIVE;
				GCC_WARN_UNUSED_FUNCTION = YES;
				GCC_WARN_UNUSED_VARIABLE = YES;
				IPHONEOS_DEPLOYMENT_TARGET = 15.5;
				MTL_ENABLE_DEBUG_INFO = NO;
				MTL_FAST_MATH = YES;
				SDKROOT = iphoneos;
				SWIFT_COMPILATION_MODE = wholemodule;
				SWIFT_OPTIMIZATION_LEVEL = "-O";
				VALIDATE_PRODUCT = YES;
			};
			name = Release;
		};
		C1835F2228B6A4F100BC0FD9 /* Debug */ = {
			isa = XCBuildConfiguration;
			buildSettings = {
				ASSETCATALOG_COMPILER_APPICON_NAME = AppIcon;
				ASSETCATALOG_COMPILER_GLOBAL_ACCENT_COLOR_NAME = AccentColor;
				CODE_SIGN_STYLE = Automatic;
				CURRENT_PROJECT_VERSION = 1;
				DEVELOPMENT_TEAM = 2QDBH5JMWR;
				GENERATE_INFOPLIST_FILE = YES;
				INFOPLIST_FILE = PoiLabs/Info.plist;
				INFOPLIST_KEY_UIApplicationSupportsIndirectInputEvents = YES;
				INFOPLIST_KEY_UILaunchStoryboardName = LaunchScreen;
				INFOPLIST_KEY_UIMainStoryboardFile = Main;
				INFOPLIST_KEY_UISupportedInterfaceOrientations_iPad = "UIInterfaceOrientationPortrait UIInterfaceOrientationPortraitUpsideDown UIInterfaceOrientationLandscapeLeft UIInterfaceOrientationLandscapeRight";
				INFOPLIST_KEY_UISupportedInterfaceOrientations_iPhone = "UIInterfaceOrientationPortrait UIInterfaceOrientationLandscapeLeft UIInterfaceOrientationLandscapeRight";
				LD_RUNPATH_SEARCH_PATHS = (
					"$(inherited)",
					"@executable_path/Frameworks",
				);
				MARKETING_VERSION = 1.0;
				PRODUCT_BUNDLE_IDENTIFIER = com.info.PoiLabs;
				PRODUCT_NAME = "$(TARGET_NAME)";
				SWIFT_EMIT_LOC_STRINGS = YES;
				SWIFT_VERSION = 5.0;
				TARGETED_DEVICE_FAMILY = "1,2";
			};
			name = Debug;
		};
		C1835F2328B6A4F100BC0FD9 /* Release */ = {
			isa = XCBuildConfiguration;
			buildSettings = {
				ASSETCATALOG_COMPILER_APPICON_NAME = AppIcon;
				ASSETCATALOG_COMPILER_GLOBAL_ACCENT_COLOR_NAME = AccentColor;
				CODE_SIGN_STYLE = Automatic;
				CURRENT_PROJECT_VERSION = 1;
				DEVELOPMENT_TEAM = 2QDBH5JMWR;
				GENERATE_INFOPLIST_FILE = YES;
				INFOPLIST_FILE = PoiLabs/Info.plist;
				INFOPLIST_KEY_UIApplicationSupportsIndirectInputEvents = YES;
				INFOPLIST_KEY_UILaunchStoryboardName = LaunchScreen;
				INFOPLIST_KEY_UIMainStoryboardFile = Main;
				INFOPLIST_KEY_UISupportedInterfaceOrientations_iPad = "UIInterfaceOrientationPortrait UIInterfaceOrientationPortraitUpsideDown UIInterfaceOrientationLandscapeLeft UIInterfaceOrientationLandscapeRight";
				INFOPLIST_KEY_UISupportedInterfaceOrientations_iPhone = "UIInterfaceOrientationPortrait UIInterfaceOrientationLandscapeLeft UIInterfaceOrientationLandscapeRight";
				LD_RUNPATH_SEARCH_PATHS = (
					"$(inherited)",
					"@executable_path/Frameworks",
				);
				MARKETING_VERSION = 1.0;
				PRODUCT_BUNDLE_IDENTIFIER = com.info.PoiLabs;
				PRODUCT_NAME = "$(TARGET_NAME)";
				SWIFT_EMIT_LOC_STRINGS = YES;
				SWIFT_VERSION = 5.0;
				TARGETED_DEVICE_FAMILY = "1,2";
			};
			name = Release;
		};
		C1835F2528B6A4F100BC0FD9 /* Debug */ = {
			isa = XCBuildConfiguration;
			buildSettings = {
				ALWAYS_EMBED_SWIFT_STANDARD_LIBRARIES = YES;
				BUNDLE_LOADER = "$(TEST_HOST)";
				CODE_SIGN_STYLE = Automatic;
				CURRENT_PROJECT_VERSION = 1;
				DEVELOPMENT_TEAM = 2QDBH5JMWR;
				GENERATE_INFOPLIST_FILE = YES;
				IPHONEOS_DEPLOYMENT_TARGET = 15.5;
				MARKETING_VERSION = 1.0;
				PRODUCT_BUNDLE_IDENTIFIER = com.info.PoiLabsTests;
				PRODUCT_NAME = "$(TARGET_NAME)";
				SWIFT_EMIT_LOC_STRINGS = NO;
				SWIFT_VERSION = 5.0;
				TARGETED_DEVICE_FAMILY = "1,2";
				TEST_HOST = "$(BUILT_PRODUCTS_DIR)/PoiLabs.app/PoiLabs";
			};
			name = Debug;
		};
		C1835F2628B6A4F100BC0FD9 /* Release */ = {
			isa = XCBuildConfiguration;
			buildSettings = {
				ALWAYS_EMBED_SWIFT_STANDARD_LIBRARIES = YES;
				BUNDLE_LOADER = "$(TEST_HOST)";
				CODE_SIGN_STYLE = Automatic;
				CURRENT_PROJECT_VERSION = 1;
				DEVELOPMENT_TEAM = 2QDBH5JMWR;
				GENERATE_INFOPLIST_FILE = YES;
				IPHONEOS_DEPLOYMENT_TARGET = 15.5;
				MARKETING_VERSION = 1.0;
				PRODUCT_BUNDLE_IDENTIFIER = com.info.PoiLabsTests;
				PRODUCT_NAME = "$(TARGET_NAME)";
				SWIFT_EMIT_LOC_STRINGS = NO;
				SWIFT_VERSION = 5.0;
				TARGETED_DEVICE_FAMILY = "1,2";
				TEST_HOST = "$(BUILT_PRODUCTS_DIR)/PoiLabs.app/PoiLabs";
			};
			name = Release;
		};
		C1835F2828B6A4F100BC0FD9 /* Debug */ = {
			isa = XCBuildConfiguration;
			buildSettings = {
				ALWAYS_EMBED_SWIFT_STANDARD_LIBRARIES = YES;
				CODE_SIGN_STYLE = Automatic;
				CURRENT_PROJECT_VERSION = 1;
				DEVELOPMENT_TEAM = 2QDBH5JMWR;
				GENERATE_INFOPLIST_FILE = YES;
				MARKETING_VERSION = 1.0;
				PRODUCT_BUNDLE_IDENTIFIER = com.info.PoiLabsUITests;
				PRODUCT_NAME = "$(TARGET_NAME)";
				SWIFT_EMIT_LOC_STRINGS = NO;
				SWIFT_VERSION = 5.0;
				TARGETED_DEVICE_FAMILY = "1,2";
				TEST_TARGET_NAME = PoiLabs;
			};
			name = Debug;
		};
		C1835F2928B6A4F100BC0FD9 /* Release */ = {
			isa = XCBuildConfiguration;
			buildSettings = {
				ALWAYS_EMBED_SWIFT_STANDARD_LIBRARIES = YES;
				CODE_SIGN_STYLE = Automatic;
				CURRENT_PROJECT_VERSION = 1;
				DEVELOPMENT_TEAM = 2QDBH5JMWR;
				GENERATE_INFOPLIST_FILE = YES;
				MARKETING_VERSION = 1.0;
				PRODUCT_BUNDLE_IDENTIFIER = com.info.PoiLabsUITests;
				PRODUCT_NAME = "$(TARGET_NAME)";
				SWIFT_EMIT_LOC_STRINGS = NO;
				SWIFT_VERSION = 5.0;
				TARGETED_DEVICE_FAMILY = "1,2";
				TEST_TARGET_NAME = PoiLabs;
			};
			name = Release;
		};
/* End XCBuildConfiguration section */

/* Begin XCConfigurationList section */
		C1835EF228B6A4EF00BC0FD9 /* Build configuration list for PBXProject "PoiLabs" */ = {
			isa = XCConfigurationList;
			buildConfigurations = (
				C1835F1F28B6A4F100BC0FD9 /* Debug */,
				C1835F2028B6A4F100BC0FD9 /* Release */,
			);
			defaultConfigurationIsVisible = 0;
			defaultConfigurationName = Release;
		};
		C1835F2128B6A4F100BC0FD9 /* Build configuration list for PBXNativeTarget "PoiLabs" */ = {
			isa = XCConfigurationList;
			buildConfigurations = (
				C1835F2228B6A4F100BC0FD9 /* Debug */,
				C1835F2328B6A4F100BC0FD9 /* Release */,
			);
			defaultConfigurationIsVisible = 0;
			defaultConfigurationName = Release;
		};
		C1835F2428B6A4F100BC0FD9 /* Build configuration list for PBXNativeTarget "PoiLabsTests" */ = {
			isa = XCConfigurationList;
			buildConfigurations = (
				C1835F2528B6A4F100BC0FD9 /* Debug */,
				C1835F2628B6A4F100BC0FD9 /* Release */,
			);
			defaultConfigurationIsVisible = 0;
			defaultConfigurationName = Release;
		};
		C1835F2728B6A4F100BC0FD9 /* Build configuration list for PBXNativeTarget "PoiLabsUITests" */ = {
			isa = XCConfigurationList;
			buildConfigurations = (
				C1835F2828B6A4F100BC0FD9 /* Debug */,
				C1835F2928B6A4F100BC0FD9 /* Release */,
			);
			defaultConfigurationIsVisible = 0;
			defaultConfigurationName = Release;
		};
/* End XCConfigurationList section */
	};
	rootObject = C1835EEF28B6A4EF00BC0FD9 /* Project object */;
}
